// !$*UTF8*$!
{
	archiveVersion = 1;
	classes = {
	};
	objectVersion = 56;
	objects = {

/* Begin PBXBuildFile section */
		A43AAE7229B09CFD000C53DF /* HomeVM.swift in Sources */ = {isa = PBXBuildFile; fileRef = A43AAE7129B09CFD000C53DF /* HomeVM.swift */; };
		A43AAE7429B09D0C000C53DF /* DetailsVM.swift in Sources */ = {isa = PBXBuildFile; fileRef = A43AAE7329B09D0C000C53DF /* DetailsVM.swift */; };
		A43AAE7D29B09DAB000C53DF /* MovieService.swift in Sources */ = {isa = PBXBuildFile; fileRef = A43AAE7C29B09DAB000C53DF /* MovieService.swift */; };
		A43AAE7F29B09DB7000C53DF /* DetailsService.swift in Sources */ = {isa = PBXBuildFile; fileRef = A43AAE7E29B09DB7000C53DF /* DetailsService.swift */; };
		A43AAE8229B09DE5000C53DF /* NetworkManager.swift in Sources */ = {isa = PBXBuildFile; fileRef = A43AAE8129B09DE5000C53DF /* NetworkManager.swift */; };
		A43AAE8529B09E09000C53DF /* HTTPMethods.swift in Sources */ = {isa = PBXBuildFile; fileRef = A43AAE8429B09E09000C53DF /* HTTPMethods.swift */; };
		A43AAE8729B09E28000C53DF /* ErrorTypes.swift in Sources */ = {isa = PBXBuildFile; fileRef = A43AAE8629B09E28000C53DF /* ErrorTypes.swift */; };
		A444707629A8C87F007F3665 /* MovieModel.swift in Sources */ = {isa = PBXBuildFile; fileRef = A444707529A8C87F007F3665 /* MovieModel.swift */; };
		A444707B29A8CE05007F3665 /* UIImage+Ext.swift in Sources */ = {isa = PBXBuildFile; fileRef = A444707A29A8CE05007F3665 /* UIImage+Ext.swift */; };
		A444707F29A8D4CD007F3665 /* DetailsModel.swift in Sources */ = {isa = PBXBuildFile; fileRef = A444707E29A8D4CD007F3665 /* DetailsModel.swift */; };
		A44A34AE29B1E9D800797D2B /* SearchService.swift in Sources */ = {isa = PBXBuildFile; fileRef = A44A34AD29B1E9D800797D2B /* SearchService.swift */; };
		A469E1D929C0E02300B1CFB5 /* Kingfisher in Frameworks */ = {isa = PBXBuildFile; productRef = A469E1D829C0E02300B1CFB5 /* Kingfisher */; };
		A48184B129BF7B920088CC02 /* MovieCell.xib in Resources */ = {isa = PBXBuildFile; fileRef = A48184B029BF7B920088CC02 /* MovieCell.xib */; };
		A48184B329BF7BA50088CC02 /* MovieCell.swift in Sources */ = {isa = PBXBuildFile; fileRef = A48184B229BF7BA50088CC02 /* MovieCell.swift */; };
		A492DD7E29A79E8300A4BE33 /* Constants.swift in Sources */ = {isa = PBXBuildFile; fileRef = A492DD7D29A79E8300A4BE33 /* Constants.swift */; };
		A492DD8029A7A04400A4BE33 /* DetailsVC.swift in Sources */ = {isa = PBXBuildFile; fileRef = A492DD7F29A7A04400A4BE33 /* DetailsVC.swift */; };
		A4A5F30129B0B7BF00B72C46 /* APIConstants.swift in Sources */ = {isa = PBXBuildFile; fileRef = A4A5F30029B0B7BF00B72C46 /* APIConstants.swift */; };
		A4A9F01D29A7538E00DA13EA /* AppDelegate.swift in Sources */ = {isa = PBXBuildFile; fileRef = A4A9F01C29A7538E00DA13EA /* AppDelegate.swift */; };
		A4A9F01F29A7538E00DA13EA /* SceneDelegate.swift in Sources */ = {isa = PBXBuildFile; fileRef = A4A9F01E29A7538E00DA13EA /* SceneDelegate.swift */; };
		A4A9F02429A7538E00DA13EA /* Main.storyboard in Resources */ = {isa = PBXBuildFile; fileRef = A4A9F02229A7538E00DA13EA /* Main.storyboard */; };
		A4A9F02629A7538E00DA13EA /* Assets.xcassets in Resources */ = {isa = PBXBuildFile; fileRef = A4A9F02529A7538E00DA13EA /* Assets.xcassets */; };
		A4A9F02929A7538E00DA13EA /* LaunchScreen.storyboard in Resources */ = {isa = PBXBuildFile; fileRef = A4A9F02729A7538E00DA13EA /* LaunchScreen.storyboard */; };
		A4A9F03429A758ED00DA13EA /* HomeVC.swift in Sources */ = {isa = PBXBuildFile; fileRef = A4A9F03329A758ED00DA13EA /* HomeVC.swift */; };
/* End PBXBuildFile section */

/* Begin PBXFileReference section */
		A43AAE7129B09CFD000C53DF /* HomeVM.swift */ = {isa = PBXFileReference; lastKnownFileType = sourcecode.swift; path = HomeVM.swift; sourceTree = "<group>"; };
		A43AAE7329B09D0C000C53DF /* DetailsVM.swift */ = {isa = PBXFileReference; lastKnownFileType = sourcecode.swift; path = DetailsVM.swift; sourceTree = "<group>"; };
		A43AAE7C29B09DAB000C53DF /* MovieService.swift */ = {isa = PBXFileReference; lastKnownFileType = sourcecode.swift; path = MovieService.swift; sourceTree = "<group>"; };
		A43AAE7E29B09DB7000C53DF /* DetailsService.swift */ = {isa = PBXFileReference; lastKnownFileType = sourcecode.swift; path = DetailsService.swift; sourceTree = "<group>"; };
		A43AAE8129B09DE5000C53DF /* NetworkManager.swift */ = {isa = PBXFileReference; lastKnownFileType = sourcecode.swift; path = NetworkManager.swift; sourceTree = "<group>"; };
		A43AAE8429B09E09000C53DF /* HTTPMethods.swift */ = {isa = PBXFileReference; lastKnownFileType = sourcecode.swift; path = HTTPMethods.swift; sourceTree = "<group>"; };
		A43AAE8629B09E28000C53DF /* ErrorTypes.swift */ = {isa = PBXFileReference; lastKnownFileType = sourcecode.swift; path = ErrorTypes.swift; sourceTree = "<group>"; };
		A444707529A8C87F007F3665 /* MovieModel.swift */ = {isa = PBXFileReference; lastKnownFileType = sourcecode.swift; path = MovieModel.swift; sourceTree = "<group>"; };
		A444707A29A8CE05007F3665 /* UIImage+Ext.swift */ = {isa = PBXFileReference; lastKnownFileType = sourcecode.swift; path = "UIImage+Ext.swift"; sourceTree = "<group>"; };
		A444707E29A8D4CD007F3665 /* DetailsModel.swift */ = {isa = PBXFileReference; lastKnownFileType = sourcecode.swift; path = DetailsModel.swift; sourceTree = "<group>"; };
		A44A34AD29B1E9D800797D2B /* SearchService.swift */ = {isa = PBXFileReference; lastKnownFileType = sourcecode.swift; path = SearchService.swift; sourceTree = "<group>"; };
		A48184B029BF7B920088CC02 /* MovieCell.xib */ = {isa = PBXFileReference; fileEncoding = 4; lastKnownFileType = file.xib; name = MovieCell.xib; path = MoviesTMDB/Controllers/Movie/Cells/MovieCell.xib; sourceTree = SOURCE_ROOT; };
		A48184B229BF7BA50088CC02 /* MovieCell.swift */ = {isa = PBXFileReference; fileEncoding = 4; lastKnownFileType = sourcecode.swift; name = MovieCell.swift; path = MoviesTMDB/Controllers/Movie/Cells/MovieCell.swift; sourceTree = SOURCE_ROOT; };
		A492DD7D29A79E8300A4BE33 /* Constants.swift */ = {isa = PBXFileReference; lastKnownFileType = sourcecode.swift; path = Constants.swift; sourceTree = "<group>"; };
		A492DD7F29A7A04400A4BE33 /* DetailsVC.swift */ = {isa = PBXFileReference; lastKnownFileType = sourcecode.swift; path = DetailsVC.swift; sourceTree = "<group>"; };
		A4A5F30029B0B7BF00B72C46 /* APIConstants.swift */ = {isa = PBXFileReference; lastKnownFileType = sourcecode.swift; path = APIConstants.swift; sourceTree = "<group>"; };
		A4A9F01929A7538E00DA13EA /* MoviesTMDB.app */ = {isa = PBXFileReference; explicitFileType = wrapper.application; includeInIndex = 0; path = MoviesTMDB.app; sourceTree = BUILT_PRODUCTS_DIR; };
		A4A9F01C29A7538E00DA13EA /* AppDelegate.swift */ = {isa = PBXFileReference; lastKnownFileType = sourcecode.swift; path = AppDelegate.swift; sourceTree = "<group>"; };
		A4A9F01E29A7538E00DA13EA /* SceneDelegate.swift */ = {isa = PBXFileReference; lastKnownFileType = sourcecode.swift; path = SceneDelegate.swift; sourceTree = "<group>"; };
		A4A9F02329A7538E00DA13EA /* Base */ = {isa = PBXFileReference; lastKnownFileType = file.storyboard; name = Base; path = Base.lproj/Main.storyboard; sourceTree = "<group>"; };
		A4A9F02529A7538E00DA13EA /* Assets.xcassets */ = {isa = PBXFileReference; lastKnownFileType = folder.assetcatalog; path = Assets.xcassets; sourceTree = "<group>"; };
		A4A9F02829A7538E00DA13EA /* Base */ = {isa = PBXFileReference; lastKnownFileType = file.storyboard; name = Base; path = Base.lproj/LaunchScreen.storyboard; sourceTree = "<group>"; };
		A4A9F02A29A7538E00DA13EA /* Info.plist */ = {isa = PBXFileReference; lastKnownFileType = text.plist.xml; path = Info.plist; sourceTree = "<group>"; };
		A4A9F03329A758ED00DA13EA /* HomeVC.swift */ = {isa = PBXFileReference; lastKnownFileType = sourcecode.swift; path = HomeVC.swift; sourceTree = "<group>"; };
/* End PBXFileReference section */

/* Begin PBXFrameworksBuildPhase section */
		A4A9F01629A7538E00DA13EA /* Frameworks */ = {
			isa = PBXFrameworksBuildPhase;
			buildActionMask = 2147483647;
			files = (
				A469E1D929C0E02300B1CFB5 /* Kingfisher in Frameworks */,
			);
			runOnlyForDeploymentPostprocessing = 0;
		};
/* End PBXFrameworksBuildPhase section */

/* Begin PBXGroup section */
		A43AAE7529B09D26000C53DF /* Networking */ = {
			isa = PBXGroup;
			children = (
				A43AAE8829B09EE3000C53DF /* APIConstants */,
				A43AAE8329B09DF0000C53DF /* Enums */,
				A43AAE8029B09DCC000C53DF /* NetworkManager */,
				A43AAE7729B09D84000C53DF /* Services */,
				A43AAE7629B09D32000C53DF /* Models */,
			);
			path = Networking;
			sourceTree = "<group>";
		};
		A43AAE7629B09D32000C53DF /* Models */ = {
			isa = PBXGroup;
			children = (
				A444707529A8C87F007F3665 /* MovieModel.swift */,
				A444707E29A8D4CD007F3665 /* DetailsModel.swift */,
			);
			path = Models;
			sourceTree = "<group>";
		};
		A43AAE7729B09D84000C53DF /* Services */ = {
			isa = PBXGroup;
			children = (
				A44A34AD29B1E9D800797D2B /* SearchService.swift */,
				A43AAE7C29B09DAB000C53DF /* MovieService.swift */,
				A43AAE7E29B09DB7000C53DF /* DetailsService.swift */,
			);
			path = Services;
			sourceTree = "<group>";
		};
		A43AAE8029B09DCC000C53DF /* NetworkManager */ = {
			isa = PBXGroup;
			children = (
				A43AAE8129B09DE5000C53DF /* NetworkManager.swift */,
			);
			path = NetworkManager;
			sourceTree = "<group>";
		};
		A43AAE8329B09DF0000C53DF /* Enums */ = {
			isa = PBXGroup;
			children = (
				A43AAE8429B09E09000C53DF /* HTTPMethods.swift */,
				A43AAE8629B09E28000C53DF /* ErrorTypes.swift */,
			);
			path = Enums;
			sourceTree = "<group>";
		};
		A43AAE8829B09EE3000C53DF /* APIConstants */ = {
			isa = PBXGroup;
			children = (
				A4A5F30029B0B7BF00B72C46 /* APIConstants.swift */,
			);
			path = APIConstants;
			sourceTree = "<group>";
		};
		A444707929A8CDBA007F3665 /* Helper */ = {
			isa = PBXGroup;
			children = (
				A4ADD78E29ABCD7300B3D02E /* Extensions */,
				A492DD7D29A79E8300A4BE33 /* Constants.swift */,
			);
			path = Helper;
			sourceTree = "<group>";
		};
		A48184B429BF7BC80088CC02 /* Cells */ = {
			isa = PBXGroup;
			children = (
				A48184B229BF7BA50088CC02 /* MovieCell.swift */,
				A48184B029BF7B920088CC02 /* MovieCell.xib */,
			);
			path = Cells;
			sourceTree = "<group>";
		};
		A48FDA1929AE299500766F05 /* App */ = {
			isa = PBXGroup;
			children = (
				A4A9F01C29A7538E00DA13EA /* AppDelegate.swift */,
				A4A9F01E29A7538E00DA13EA /* SceneDelegate.swift */,
			);
			path = App;
			sourceTree = "<group>";
		};
		A48FDA1B29AE2A4100766F05 /* Movie */ = {
			isa = PBXGroup;
			children = (
				A48184B429BF7BC80088CC02 /* Cells */,
				A48FDA1E29AE2A7400766F05 /* HomeVM */,
				A4A9F03329A758ED00DA13EA /* HomeVC.swift */,
			);
			path = Movie;
			sourceTree = "<group>";
		};
		A48FDA1C29AE2A4700766F05 /* Details */ = {
			isa = PBXGroup;
			children = (
				A48FDA1D29AE2A6500766F05 /* DetailsVM */,
				A492DD7F29A7A04400A4BE33 /* DetailsVC.swift */,
			);
			path = Details;
			sourceTree = "<group>";
		};
		A48FDA1D29AE2A6500766F05 /* DetailsVM */ = {
			isa = PBXGroup;
			children = (
				A43AAE7329B09D0C000C53DF /* DetailsVM.swift */,
			);
			path = DetailsVM;
			sourceTree = "<group>";
		};
		A48FDA1E29AE2A7400766F05 /* HomeVM */ = {
			isa = PBXGroup;
			children = (
				A43AAE7129B09CFD000C53DF /* HomeVM.swift */,
			);
			path = HomeVM;
			sourceTree = "<group>";
		};
		A4A9F01029A7538E00DA13EA = {
			isa = PBXGroup;
			children = (
				A4A9F01B29A7538E00DA13EA /* MoviesTMDB */,
				A4A9F01A29A7538E00DA13EA /* Products */,
			);
			sourceTree = "<group>";
		};
		A4A9F01A29A7538E00DA13EA /* Products */ = {
			isa = PBXGroup;
			children = (
				A4A9F01929A7538E00DA13EA /* MoviesTMDB.app */,
			);
			name = Products;
			sourceTree = "<group>";
		};
		A4A9F01B29A7538E00DA13EA /* MoviesTMDB */ = {
			isa = PBXGroup;
			children = (
				A48FDA1929AE299500766F05 /* App */,
				A4A9F03129A757DB00DA13EA /* Storyboard */,
				A43AAE7529B09D26000C53DF /* Networking */,
				A444707929A8CDBA007F3665 /* Helper */,
				A4A9F03229A757E100DA13EA /* Controllers */,
				A4A9F02529A7538E00DA13EA /* Assets.xcassets */,
				A4A9F02A29A7538E00DA13EA /* Info.plist */,
			);
			path = MoviesTMDB;
			sourceTree = "<group>";
		};
		A4A9F03129A757DB00DA13EA /* Storyboard */ = {
			isa = PBXGroup;
			children = (
				A4A9F02229A7538E00DA13EA /* Main.storyboard */,
				A4A9F02729A7538E00DA13EA /* LaunchScreen.storyboard */,
			);
			path = Storyboard;
			sourceTree = "<group>";
		};
		A4A9F03229A757E100DA13EA /* Controllers */ = {
			isa = PBXGroup;
			children = (
				A48FDA1B29AE2A4100766F05 /* Movie */,
				A48FDA1C29AE2A4700766F05 /* Details */,
			);
			path = Controllers;
			sourceTree = "<group>";
		};
		A4ADD78E29ABCD7300B3D02E /* Extensions */ = {
			isa = PBXGroup;
			children = (
				A444707A29A8CE05007F3665 /* UIImage+Ext.swift */,
			);
			path = Extensions;
			sourceTree = "<group>";
		};
/* End PBXGroup section */

/* Begin PBXNativeTarget section */
		A4A9F01829A7538E00DA13EA /* MoviesTMDB */ = {
			isa = PBXNativeTarget;
			buildConfigurationList = A4A9F02D29A7538E00DA13EA /* Build configuration list for PBXNativeTarget "MoviesTMDB" */;
			buildPhases = (
				A4A9F01529A7538E00DA13EA /* Sources */,
				A4A9F01629A7538E00DA13EA /* Frameworks */,
				A4A9F01729A7538E00DA13EA /* Resources */,
			);
			buildRules = (
			);
			dependencies = (
			);
			name = MoviesTMDB;
			packageProductDependencies = (
				A469E1D829C0E02300B1CFB5 /* Kingfisher */,
			);
			productName = MoviesTMDB;
			productReference = A4A9F01929A7538E00DA13EA /* MoviesTMDB.app */;
			productType = "com.apple.product-type.application";
		};
/* End PBXNativeTarget section */

/* Begin PBXProject section */
		A4A9F01129A7538E00DA13EA /* Project object */ = {
			isa = PBXProject;
			attributes = {
				BuildIndependentTargetsInParallel = 1;
				LastSwiftUpdateCheck = 1420;
				LastUpgradeCheck = 1420;
				TargetAttributes = {
					A4A9F01829A7538E00DA13EA = {
						CreatedOnToolsVersion = 14.2;
					};
				};
			};
			buildConfigurationList = A4A9F01429A7538E00DA13EA /* Build configuration list for PBXProject "MoviesTMDB" */;
			compatibilityVersion = "Xcode 14.0";
			developmentRegion = en;
			hasScannedForEncodings = 0;
			knownRegions = (
				en,
				Base,
			);
			mainGroup = A4A9F01029A7538E00DA13EA;
			packageReferences = (
				A469E1D729C0E02300B1CFB5 /* XCRemoteSwiftPackageReference "Kingfisher" */,
			);
			productRefGroup = A4A9F01A29A7538E00DA13EA /* Products */;
			projectDirPath = "";
			projectRoot = "";
			targets = (
				A4A9F01829A7538E00DA13EA /* MoviesTMDB */,
			);
		};
/* End PBXProject section */

/* Begin PBXResourcesBuildPhase section */
		A4A9F01729A7538E00DA13EA /* Resources */ = {
			isa = PBXResourcesBuildPhase;
			buildActionMask = 2147483647;
			files = (
				A4A9F02929A7538E00DA13EA /* LaunchScreen.storyboard in Resources */,
				A4A9F02629A7538E00DA13EA /* Assets.xcassets in Resources */,
				A4A9F02429A7538E00DA13EA /* Main.storyboard in Resources */,
				A48184B129BF7B920088CC02 /* MovieCell.xib in Resources */,
			);
			runOnlyForDeploymentPostprocessing = 0;
		};
/* End PBXResourcesBuildPhase section */

/* Begin PBXSourcesBuildPhase section */
		A4A9F01529A7538E00DA13EA /* Sources */ = {
			isa = PBXSourcesBuildPhase;
			buildActionMask = 2147483647;
			files = (
				A444707629A8C87F007F3665 /* MovieModel.swift in Sources */,
				A4A9F03429A758ED00DA13EA /* HomeVC.swift in Sources */,
				A43AAE7D29B09DAB000C53DF /* MovieService.swift in Sources */,
				A43AAE8729B09E28000C53DF /* ErrorTypes.swift in Sources */,
				A43AAE8529B09E09000C53DF /* HTTPMethods.swift in Sources */,
				A4A5F30129B0B7BF00B72C46 /* APIConstants.swift in Sources */,
				A4A9F01D29A7538E00DA13EA /* AppDelegate.swift in Sources */,
				A444707B29A8CE05007F3665 /* UIImage+Ext.swift in Sources */,
				A44A34AE29B1E9D800797D2B /* SearchService.swift in Sources */,
				A492DD8029A7A04400A4BE33 /* DetailsVC.swift in Sources */,
				A4A9F01F29A7538E00DA13EA /* SceneDelegate.swift in Sources */,
				A43AAE7229B09CFD000C53DF /* HomeVM.swift in Sources */,
				A444707F29A8D4CD007F3665 /* DetailsModel.swift in Sources */,
				A48184B329BF7BA50088CC02 /* MovieCell.swift in Sources */,
				A492DD7E29A79E8300A4BE33 /* Constants.swift in Sources */,
				A43AAE8229B09DE5000C53DF /* NetworkManager.swift in Sources */,
				A43AAE7F29B09DB7000C53DF /* DetailsService.swift in Sources */,
				A43AAE7429B09D0C000C53DF /* DetailsVM.swift in Sources */,
			);
			runOnlyForDeploymentPostprocessing = 0;
		};
/* End PBXSourcesBuildPhase section */

/* Begin PBXVariantGroup section */
		A4A9F02229A7538E00DA13EA /* Main.storyboard */ = {
			isa = PBXVariantGroup;
			children = (
				A4A9F02329A7538E00DA13EA /* Base */,
			);
			name = Main.storyboard;
			sourceTree = "<group>";
		};
		A4A9F02729A7538E00DA13EA /* LaunchScreen.storyboard */ = {
			isa = PBXVariantGroup;
			children = (
				A4A9F02829A7538E00DA13EA /* Base */,
			);
			name = LaunchScreen.storyboard;
			sourceTree = "<group>";
		};
/* End PBXVariantGroup section */

/* Begin XCBuildConfiguration section */
		A4A9F02B29A7538E00DA13EA /* Debug */ = {
			isa = XCBuildConfiguration;
			buildSettings = {
				ALWAYS_SEARCH_USER_PATHS = NO;
				CLANG_ANALYZER_NONNULL = YES;
				CLANG_ANALYZER_NUMBER_OBJECT_CONVERSION = YES_AGGRESSIVE;
				CLANG_CXX_LANGUAGE_STANDARD = "gnu++20";
				CLANG_ENABLE_MODULES = YES;
				CLANG_ENABLE_OBJC_ARC = YES;
				CLANG_ENABLE_OBJC_WEAK = YES;
				CLANG_WARN_BLOCK_CAPTURE_AUTORELEASING = YES;
				CLANG_WARN_BOOL_CONVERSION = YES;
				CLANG_WARN_COMMA = YES;
				CLANG_WARN_CONSTANT_CONVERSION = YES;
				CLANG_WARN_DEPRECATED_OBJC_IMPLEMENTATIONS = YES;
				CLANG_WARN_DIRECT_OBJC_ISA_USAGE = YES_ERROR;
				CLANG_WARN_DOCUMENTATION_COMMENTS = YES;
				CLANG_WARN_EMPTY_BODY = YES;
				CLANG_WARN_ENUM_CONVERSION = YES;
				CLANG_WARN_INFINITE_RECURSION = YES;
				CLANG_WARN_INT_CONVERSION = YES;
				CLANG_WARN_NON_LITERAL_NULL_CONVERSION = YES;
				CLANG_WARN_OBJC_IMPLICIT_RETAIN_SELF = YES;
				CLANG_WARN_OBJC_LITERAL_CONVERSION = YES;
				CLANG_WARN_OBJC_ROOT_CLASS = YES_ERROR;
				CLANG_WARN_QUOTED_INCLUDE_IN_FRAMEWORK_HEADER = YES;
				CLANG_WARN_RANGE_LOOP_ANALYSIS = YES;
				CLANG_WARN_STRICT_PROTOTYPES = YES;
				CLANG_WARN_SUSPICIOUS_MOVE = YES;
				CLANG_WARN_UNGUARDED_AVAILABILITY = YES_AGGRESSIVE;
				CLANG_WARN_UNREACHABLE_CODE = YES;
				CLANG_WARN__DUPLICATE_METHOD_MATCH = YES;
				COPY_PHASE_STRIP = NO;
				DEBUG_INFORMATION_FORMAT = dwarf;
				ENABLE_STRICT_OBJC_MSGSEND = YES;
				ENABLE_TESTABILITY = YES;
				GCC_C_LANGUAGE_STANDARD = gnu11;
				GCC_DYNAMIC_NO_PIC = NO;
				GCC_NO_COMMON_BLOCKS = YES;
				GCC_OPTIMIZATION_LEVEL = 0;
				GCC_PREPROCESSOR_DEFINITIONS = (
					"DEBUG=1",
					"$(inherited)",
				);
				GCC_WARN_64_TO_32_BIT_CONVERSION = YES;
				GCC_WARN_ABOUT_RETURN_TYPE = YES_ERROR;
				GCC_WARN_UNDECLARED_SELECTOR = YES;
				GCC_WARN_UNINITIALIZED_AUTOS = YES_AGGRESSIVE;
				GCC_WARN_UNUSED_FUNCTION = YES;
				GCC_WARN_UNUSED_VARIABLE = YES;
				IPHONEOS_DEPLOYMENT_TARGET = 16.2;
				MTL_ENABLE_DEBUG_INFO = INCLUDE_SOURCE;
				MTL_FAST_MATH = YES;
				ONLY_ACTIVE_ARCH = YES;
				SDKROOT = iphoneos;
				SWIFT_ACTIVE_COMPILATION_CONDITIONS = DEBUG;
				SWIFT_OPTIMIZATION_LEVEL = "-Onone";
			};
			name = Debug;
		};
		A4A9F02C29A7538E00DA13EA /* Release */ = {
			isa = XCBuildConfiguration;
			buildSettings = {
				ALWAYS_SEARCH_USER_PATHS = NO;
				CLANG_ANALYZER_NONNULL = YES;
				CLANG_ANALYZER_NUMBER_OBJECT_CONVERSION = YES_AGGRESSIVE;
				CLANG_CXX_LANGUAGE_STANDARD = "gnu++20";
				CLANG_ENABLE_MODULES = YES;
				CLANG_ENABLE_OBJC_ARC = YES;
				CLANG_ENABLE_OBJC_WEAK = YES;
				CLANG_WARN_BLOCK_CAPTURE_AUTORELEASING = YES;
				CLANG_WARN_BOOL_CONVERSION = YES;
				CLANG_WARN_COMMA = YES;
				CLANG_WARN_CONSTANT_CONVERSION = YES;
				CLANG_WARN_DEPRECATED_OBJC_IMPLEMENTATIONS = YES;
				CLANG_WARN_DIRECT_OBJC_ISA_USAGE = YES_ERROR;
				CLANG_WARN_DOCUMENTATION_COMMENTS = YES;
				CLANG_WARN_EMPTY_BODY = YES;
				CLANG_WARN_ENUM_CONVERSION = YES;
				CLANG_WARN_INFINITE_RECURSION = YES;
				CLANG_WARN_INT_CONVERSION = YES;
				CLANG_WARN_NON_LITERAL_NULL_CONVERSION = YES;
				CLANG_WARN_OBJC_IMPLICIT_RETAIN_SELF = YES;
				CLANG_WARN_OBJC_LITERAL_CONVERSION = YES;
				CLANG_WARN_OBJC_ROOT_CLASS = YES_ERROR;
				CLANG_WARN_QUOTED_INCLUDE_IN_FRAMEWORK_HEADER = YES;
				CLANG_WARN_RANGE_LOOP_ANALYSIS = YES;
				CLANG_WARN_STRICT_PROTOTYPES = YES;
				CLANG_WARN_SUSPICIOUS_MOVE = YES;
				CLANG_WARN_UNGUARDED_AVAILABILITY = YES_AGGRESSIVE;
				CLANG_WARN_UNREACHABLE_CODE = YES;
				CLANG_WARN__DUPLICATE_METHOD_MATCH = YES;
				COPY_PHASE_STRIP = NO;
				DEBUG_INFORMATION_FORMAT = "dwarf-with-dsym";
				ENABLE_NS_ASSERTIONS = NO;
				ENABLE_STRICT_OBJC_MSGSEND = YES;
				GCC_C_LANGUAGE_STANDARD = gnu11;
				GCC_NO_COMMON_BLOCKS = YES;
				GCC_WARN_64_TO_32_BIT_CONVERSION = YES;
				GCC_WARN_ABOUT_RETURN_TYPE = YES_ERROR;
				GCC_WARN_UNDECLARED_SELECTOR = YES;
				GCC_WARN_UNINITIALIZED_AUTOS = YES_AGGRESSIVE;
				GCC_WARN_UNUSED_FUNCTION = YES;
				GCC_WARN_UNUSED_VARIABLE = YES;
				IPHONEOS_DEPLOYMENT_TARGET = 16.2;
				MTL_ENABLE_DEBUG_INFO = NO;
				MTL_FAST_MATH = YES;
				SDKROOT = iphoneos;
				SWIFT_COMPILATION_MODE = wholemodule;
				SWIFT_OPTIMIZATION_LEVEL = "-O";
				VALIDATE_PRODUCT = YES;
			};
			name = Release;
		};
		A4A9F02E29A7538E00DA13EA /* Debug */ = {
			isa = XCBuildConfiguration;
			buildSettings = {
				ASSETCATALOG_COMPILER_APPICON_NAME = AppIcon;
				ASSETCATALOG_COMPILER_GLOBAL_ACCENT_COLOR_NAME = AccentColor;
				CODE_SIGN_STYLE = Automatic;
				CURRENT_PROJECT_VERSION = 1;
				GENERATE_INFOPLIST_FILE = YES;
				INFOPLIST_FILE = MoviesTMDB/Info.plist;
				INFOPLIST_KEY_UIApplicationSupportsIndirectInputEvents = YES;
				INFOPLIST_KEY_UILaunchStoryboardName = LaunchScreen;
				INFOPLIST_KEY_UIMainStoryboardFile = Main;
				INFOPLIST_KEY_UIStatusBarStyle = "";
				INFOPLIST_KEY_UISupportedInterfaceOrientations = UIInterfaceOrientationPortrait;
				LD_RUNPATH_SEARCH_PATHS = (
					"$(inherited)",
					"@executable_path/Frameworks",
				);
				MARKETING_VERSION = 1.0;
				PRODUCT_BUNDLE_IDENTIFIER = oliwia.MoviesTMDB;
				PRODUCT_NAME = "$(TARGET_NAME)";
				SWIFT_EMIT_LOC_STRINGS = YES;
				SWIFT_VERSION = 5.0;
				TARGETED_DEVICE_FAMILY = "1,2";
			};
			name = Debug;
		};
		A4A9F02F29A7538E00DA13EA /* Release */ = {
			isa = XCBuildConfiguration;
			buildSettings = {
				ASSETCATALOG_COMPILER_APPICON_NAME = AppIcon;
				ASSETCATALOG_COMPILER_GLOBAL_ACCENT_COLOR_NAME = AccentColor;
				CODE_SIGN_STYLE = Automatic;
				CURRENT_PROJECT_VERSION = 1;
				GENERATE_INFOPLIST_FILE = YES;
				INFOPLIST_FILE = MoviesTMDB/Info.plist;
				INFOPLIST_KEY_UIApplicationSupportsIndirectInputEvents = YES;
				INFOPLIST_KEY_UILaunchStoryboardName = LaunchScreen;
				INFOPLIST_KEY_UIMainStoryboardFile = Main;
				INFOPLIST_KEY_UIStatusBarStyle = "";
				INFOPLIST_KEY_UISupportedInterfaceOrientations = UIInterfaceOrientationPortrait;
				LD_RUNPATH_SEARCH_PATHS = (
					"$(inherited)",
					"@executable_path/Frameworks",
				);
				MARKETING_VERSION = 1.0;
				PRODUCT_BUNDLE_IDENTIFIER = oliwia.MoviesTMDB;
				PRODUCT_NAME = "$(TARGET_NAME)";
				SWIFT_EMIT_LOC_STRINGS = YES;
				SWIFT_VERSION = 5.0;
				TARGETED_DEVICE_FAMILY = "1,2";
			};
			name = Release;
		};
/* End XCBuildConfiguration section */

/* Begin XCConfigurationList section */
		A4A9F01429A7538E00DA13EA /* Build configuration list for PBXProject "MoviesTMDB" */ = {
			isa = XCConfigurationList;
			buildConfigurations = (
				A4A9F02B29A7538E00DA13EA /* Debug */,
				A4A9F02C29A7538E00DA13EA /* Release */,
			);
			defaultConfigurationIsVisible = 0;
			defaultConfigurationName = Release;
		};
		A4A9F02D29A7538E00DA13EA /* Build configuration list for PBXNativeTarget "MoviesTMDB" */ = {
			isa = XCConfigurationList;
			buildConfigurations = (
				A4A9F02E29A7538E00DA13EA /* Debug */,
				A4A9F02F29A7538E00DA13EA /* Release */,
			);
			defaultConfigurationIsVisible = 0;
			defaultConfigurationName = Release;
		};
/* End XCConfigurationList section */

/* Begin XCRemoteSwiftPackageReference section */
		A469E1D729C0E02300B1CFB5 /* XCRemoteSwiftPackageReference "Kingfisher" */ = {
			isa = XCRemoteSwiftPackageReference;
			repositoryURL = "https://github.com/onevcat/Kingfisher.git";
			requirement = {
				kind = upToNextMajorVersion;
				minimumVersion = 7.0.0;
			};
		};
/* End XCRemoteSwiftPackageReference section */

/* Begin XCSwiftPackageProductDependency section */
		A469E1D829C0E02300B1CFB5 /* Kingfisher */ = {
			isa = XCSwiftPackageProductDependency;
			package = A469E1D729C0E02300B1CFB5 /* XCRemoteSwiftPackageReference "Kingfisher" */;
			productName = Kingfisher;
		};
/* End XCSwiftPackageProductDependency section */
	};
	rootObject = A4A9F01129A7538E00DA13EA /* Project object */;
}
